// !$*UTF8*$!
{
	archiveVersion = 1;
	classes = {
	};
	objectVersion = 50;
	objects = {

/* Begin PBXBuildFile section */
		8B697E5F2234EFA80082C4F0 /* DataModel.xcdatamodeld in Sources */ = {isa = PBXBuildFile; fileRef = 8B697E5D2234EFA80082C4F0 /* DataModel.xcdatamodeld */; };
		8BE8B3B82232C75600651072 /* AppDelegate.swift in Sources */ = {isa = PBXBuildFile; fileRef = 8BE8B3B72232C75600651072 /* AppDelegate.swift */; };
		8BE8B3BA2232C75600651072 /* TodoLIstViewController.swift in Sources */ = {isa = PBXBuildFile; fileRef = 8BE8B3B92232C75600651072 /* TodoLIstViewController.swift */; };
		8BE8B3BD2232C75600651072 /* Main.storyboard in Resources */ = {isa = PBXBuildFile; fileRef = 8BE8B3BB2232C75600651072 /* Main.storyboard */; };
		8BE8B3BF2232C75900651072 /* Assets.xcassets in Resources */ = {isa = PBXBuildFile; fileRef = 8BE8B3BE2232C75900651072 /* Assets.xcassets */; };
		8BE8B3C22232C75900651072 /* LaunchScreen.storyboard in Resources */ = {isa = PBXBuildFile; fileRef = 8BE8B3C02232C75900651072 /* LaunchScreen.storyboard */; };
		8BF0A408223E258900537719 /* CategoryViewController.swift in Sources */ = {isa = PBXBuildFile; fileRef = 8BF0A407223E258900537719 /* CategoryViewController.swift */; };
/* End PBXBuildFile section */

/* Begin PBXFileReference section */
		8B697E5E2234EFA80082C4F0 /* DataModel.xcdatamodel */ = {isa = PBXFileReference; lastKnownFileType = wrapper.xcdatamodel; path = DataModel.xcdatamodel; sourceTree = "<group>"; };
		8BE8B3B42232C75600651072 /* Todoyeee Core Data.app */ = {isa = PBXFileReference; explicitFileType = wrapper.application; includeInIndex = 0; path = "Todoyeee Core Data.app"; sourceTree = BUILT_PRODUCTS_DIR; };
		8BE8B3B72232C75600651072 /* AppDelegate.swift */ = {isa = PBXFileReference; lastKnownFileType = sourcecode.swift; path = AppDelegate.swift; sourceTree = "<group>"; };
		8BE8B3B92232C75600651072 /* TodoLIstViewController.swift */ = {isa = PBXFileReference; lastKnownFileType = sourcecode.swift; path = TodoLIstViewController.swift; sourceTree = "<group>"; };
		8BE8B3BC2232C75600651072 /* Base */ = {isa = PBXFileReference; lastKnownFileType = file.storyboard; name = Base; path = Base.lproj/Main.storyboard; sourceTree = "<group>"; };
		8BE8B3BE2232C75900651072 /* Assets.xcassets */ = {isa = PBXFileReference; lastKnownFileType = folder.assetcatalog; path = Assets.xcassets; sourceTree = "<group>"; };
		8BE8B3C12232C75900651072 /* Base */ = {isa = PBXFileReference; lastKnownFileType = file.storyboard; name = Base; path = Base.lproj/LaunchScreen.storyboard; sourceTree = "<group>"; };
		8BE8B3C32232C75900651072 /* Info.plist */ = {isa = PBXFileReference; lastKnownFileType = text.plist.xml; path = Info.plist; sourceTree = "<group>"; };
		8BF0A407223E258900537719 /* CategoryViewController.swift */ = {isa = PBXFileReference; lastKnownFileType = sourcecode.swift; path = CategoryViewController.swift; sourceTree = "<group>"; };
/* End PBXFileReference section */

/* Begin PBXFrameworksBuildPhase section */
		8BE8B3B12232C75500651072 /* Frameworks */ = {
			isa = PBXFrameworksBuildPhase;
			buildActionMask = 2147483647;
			files = (
			);
			runOnlyForDeploymentPostprocessing = 0;
		};
/* End PBXFrameworksBuildPhase section */

/* Begin PBXGroup section */
		8B34701B22341BBC00911831 /* Model */ = {
			isa = PBXGroup;
			children = (
				8B697E5D2234EFA80082C4F0 /* DataModel.xcdatamodeld */,
			);
			path = Model;
			sourceTree = "<group>";
		};
		8BE8B3AB2232C75500651072 = {
			isa = PBXGroup;
			children = (
				8BE8B3B62232C75600651072 /* Todoyeee Core Data */,
				8BE8B3B52232C75600651072 /* Products */,
			);
			sourceTree = "<group>";
		};
		8BE8B3B52232C75600651072 /* Products */ = {
			isa = PBXGroup;
			children = (
				8BE8B3B42232C75600651072 /* Todoyeee Core Data.app */,
			);
			name = Products;
			sourceTree = "<group>";
		};
		8BE8B3B62232C75600651072 /* Todoyeee Core Data */ = {
			isa = PBXGroup;
			children = (
				8BF0A407223E258900537719 /* CategoryViewController.swift */,
				8BE8B3B92232C75600651072 /* TodoLIstViewController.swift */,
				8BE8B3B72232C75600651072 /* AppDelegate.swift */,
				8B34701B22341BBC00911831 /* Model */,
				8BE8B3BB2232C75600651072 /* Main.storyboard */,
				8BE8B3BE2232C75900651072 /* Assets.xcassets */,
				8BE8B3C02232C75900651072 /* LaunchScreen.storyboard */,
				8BE8B3C32232C75900651072 /* Info.plist */,
			);
			path = "Todoyeee Core Data";
			sourceTree = "<group>";
		};
/* End PBXGroup section */

/* Begin PBXNativeTarget section */
		8BE8B3B32232C75500651072 /* Todoyeee Core Data */ = {
			isa = PBXNativeTarget;
			buildConfigurationList = 8BE8B3C62232C75900651072 /* Build configuration list for PBXNativeTarget "Todoyeee Core Data" */;
			buildPhases = (
				8BE8B3B02232C75500651072 /* Sources */,
				8BE8B3B12232C75500651072 /* Frameworks */,
				8BE8B3B22232C75500651072 /* Resources */,
			);
			buildRules = (
			);
			dependencies = (
			);
			name = "Todoyeee Core Data";
			productName = "Todoyeee Core Data";
			productReference = 8BE8B3B42232C75600651072 /* Todoyeee Core Data.app */;
			productType = "com.apple.product-type.application";
		};
/* End PBXNativeTarget section */

/* Begin PBXProject section */
		8BE8B3AC2232C75500651072 /* Project object */ = {
			isa = PBXProject;
			attributes = {
				LastSwiftUpdateCheck = 1010;
				LastUpgradeCheck = 1010;
				ORGANIZATIONNAME = "Dhawal Mahajan";
				TargetAttributes = {
					8BE8B3B32232C75500651072 = {
						CreatedOnToolsVersion = 10.1;
					};
				};
			};
			buildConfigurationList = 8BE8B3AF2232C75500651072 /* Build configuration list for PBXProject "Todoyeee Core Data" */;
			compatibilityVersion = "Xcode 9.3";
			developmentRegion = en;
			hasScannedForEncodings = 0;
			knownRegions = (
				en,
				Base,
			);
			mainGroup = 8BE8B3AB2232C75500651072;
			productRefGroup = 8BE8B3B52232C75600651072 /* Products */;
			projectDirPath = "";
			projectRoot = "";
			targets = (
				8BE8B3B32232C75500651072 /* Todoyeee Core Data */,
			);
		};
/* End PBXProject section */

/* Begin PBXResourcesBuildPhase section */
		8BE8B3B22232C75500651072 /* Resources */ = {
			isa = PBXResourcesBuildPhase;
			buildActionMask = 2147483647;
			files = (
				8BE8B3C22232C75900651072 /* LaunchScreen.storyboard in Resources */,
				8BE8B3BF2232C75900651072 /* Assets.xcassets in Resources */,
				8BE8B3BD2232C75600651072 /* Main.storyboard in Resources */,
			);
			runOnlyForDeploymentPostprocessing = 0;
		};
/* End PBXResourcesBuildPhase section */

/* Begin PBXSourcesBuildPhase section */
		8BE8B3B02232C75500651072 /* Sources */ = {
			isa = PBXSourcesBuildPhase;
			buildActionMask = 2147483647;
			files = (
				8BF0A408223E258900537719 /* CategoryViewController.swift in Sources */,
				8BE8B3BA2232C75600651072 /* TodoLIstViewController.swift in Sources */,
				8B697E5F2234EFA80082C4F0 /* DataModel.xcdatamodeld in Sources */,
				8BE8B3B82232C75600651072 /* AppDelegate.swift in Sources */,
			);
			runOnlyForDeploymentPostprocessing = 0;
		};
/* End PBXSourcesBuildPhase section */

/* Begin PBXVariantGroup section */
		8BE8B3BB2232C75600651072 /* Main.storyboard */ = {
			isa = PBXVariantGroup;
			children = (
				8BE8B3BC2232C75600651072 /* Base */,
			);
			name = Main.storyboard;
			sourceTree = "<group>";
		};
		8BE8B3C02232C75900651072 /* LaunchScreen.storyboard */ = {
			isa = PBXVariantGroup;
			children = (
				8BE8B3C12232C75900651072 /* Base */,
			);
			name = LaunchScreen.storyboard;
			sourceTree = "<group>";
		};
/* End PBXVariantGroup section */

/* Begin XCBuildConfiguration section */
		8BE8B3C42232C75900651072 /* Debug */ = {
			isa = XCBuildConfiguration;
			buildSettings = {
				ALWAYS_SEARCH_USER_PATHS = NO;
				CLANG_ANALYZER_NONNULL = YES;
				CLANG_ANALYZER_NUMBER_OBJECT_CONVERSION = YES_AGGRESSIVE;
				CLANG_CXX_LANGUAGE_STANDARD = "gnu++14";
				CLANG_CXX_LIBRARY = "libc++";
				CLANG_ENABLE_MODULES = YES;
				CLANG_ENABLE_OBJC_ARC = YES;
				CLANG_ENABLE_OBJC_WEAK = YES;
				CLANG_WARN_BLOCK_CAPTURE_AUTORELEASING = YES;
				CLANG_WARN_BOOL_CONVERSION = YES;
				CLANG_WARN_COMMA = YES;
				CLANG_WARN_CONSTANT_CONVERSION = YES;
				CLANG_WARN_DEPRECATED_OBJC_IMPLEMENTATIONS = YES;
				CLANG_WARN_DIRECT_OBJC_ISA_USAGE = YES_ERROR;
				CLANG_WARN_DOCUMENTATION_COMMENTS = YES;
				CLANG_WARN_EMPTY_BODY = YES;
				CLANG_WARN_ENUM_CONVERSION = YES;
				CLANG_WARN_INFINITE_RECURSION = YES;
				CLANG_WARN_INT_CONVERSION = YES;
				CLANG_WARN_NON_LITERAL_NULL_CONVERSION = YES;
				CLANG_WARN_OBJC_IMPLICIT_RETAIN_SELF = YES;
				CLANG_WARN_OBJC_LITERAL_CONVERSION = YES;
				CLANG_WARN_OBJC_ROOT_CLASS = YES_ERROR;
				CLANG_WARN_RANGE_LOOP_ANALYSIS = YES;
				CLANG_WARN_STRICT_PROTOTYPES = YES;
				CLANG_WARN_SUSPICIOUS_MOVE = YES;
				CLANG_WARN_UNGUARDED_AVAILABILITY = YES_AGGRESSIVE;
				CLANG_WARN_UNREACHABLE_CODE = YES;
				CLANG_WARN__DUPLICATE_METHOD_MATCH = YES;
				CODE_SIGN_IDENTITY = "iPhone Developer";
				COPY_PHASE_STRIP = NO;
				DEBUG_INFORMATION_FORMAT = dwarf;
				ENABLE_STRICT_OBJC_MSGSEND = YES;
				ENABLE_TESTABILITY = YES;
				GCC_C_LANGUAGE_STANDARD = gnu11;
				GCC_DYNAMIC_NO_PIC = NO;
				GCC_NO_COMMON_BLOCKS = YES;
				GCC_OPTIMIZATION_LEVEL = 0;
				GCC_PREPROCESSOR_DEFINITIONS = (
					"DEBUG=1",
					"$(inherited)",
				);
				GCC_WARN_64_TO_32_BIT_CONVERSION = YES;
				GCC_WARN_ABOUT_RETURN_TYPE = YES_ERROR;
				GCC_WARN_UNDECLARED_SELECTOR = YES;
				GCC_WARN_UNINITIALIZED_AUTOS = YES_AGGRESSIVE;
				GCC_WARN_UNUSED_FUNCTION = YES;
				GCC_WARN_UNUSED_VARIABLE = YES;
				IPHONEOS_DEPLOYMENT_TARGET = 12.1;
				MTL_ENABLE_DEBUG_INFO = INCLUDE_SOURCE;
				MTL_FAST_MATH = YES;
				ONLY_ACTIVE_ARCH = YES;
				SDKROOT = iphoneos;
				SWIFT_ACTIVE_COMPILATION_CONDITIONS = DEBUG;
				SWIFT_OPTIMIZATION_LEVEL = "-Onone";
			};
			name = Debug;
		};
		8BE8B3C52232C75900651072 /* Release */ = {
			isa = XCBuildConfiguration;
			buildSettings = {
				ALWAYS_SEARCH_USER_PATHS = NO;
				CLANG_ANALYZER_NONNULL = YES;
				CLANG_ANALYZER_NUMBER_OBJECT_CONVERSION = YES_AGGRESSIVE;
				CLANG_CXX_LANGUAGE_STANDARD = "gnu++14";
				CLANG_CXX_LIBRARY = "libc++";
				CLANG_ENABLE_MODULES = YES;
				CLANG_ENABLE_OBJC_ARC = YES;
				CLANG_ENABLE_OBJC_WEAK = YES;
				CLANG_WARN_BLOCK_CAPTURE_AUTORELEASING = YES;
				CLANG_WARN_BOOL_CONVERSION = YES;
				CLANG_WARN_COMMA = YES;
				CLANG_WARN_CONSTANT_CONVERSION = YES;
				CLANG_WARN_DEPRECATED_OBJC_IMPLEMENTATIONS = YES;
				CLANG_WARN_DIRECT_OBJC_ISA_USAGE = YES_ERROR;
				CLANG_WARN_DOCUMENTATION_COMMENTS = YES;
				CLANG_WARN_EMPTY_BODY = YES;
				CLANG_WARN_ENUM_CONVERSION = YES;
				CLANG_WARN_INFINITE_RECURSION = YES;
				CLANG_WARN_INT_CONVERSION = YES;
				CLANG_WARN_NON_LITERAL_NULL_CONVERSION = YES;
				CLANG_WARN_OBJC_IMPLICIT_RETAIN_SELF = YES;
				CLANG_WARN_OBJC_LITERAL_CONVERSION = YES;
				CLANG_WARN_OBJC_ROOT_CLASS = YES_ERROR;
				CLANG_WARN_RANGE_LOOP_ANALYSIS = YES;
				CLANG_WARN_STRICT_PROTOTYPES = YES;
				CLANG_WARN_SUSPICIOUS_MOVE = YES;
				CLANG_WARN_UNGUARDED_AVAILABILITY = YES_AGGRESSIVE;
				CLANG_WARN_UNREACHABLE_CODE = YES;
				CLANG_WARN__DUPLICATE_METHOD_MATCH = YES;
				CODE_SIGN_IDENTITY = "iPhone Developer";
				COPY_PHASE_STRIP = NO;
				DEBUG_INFORMATION_FORMAT = "dwarf-with-dsym";
				ENABLE_NS_ASSERTIONS = NO;
				ENABLE_STRICT_OBJC_MSGSEND = YES;
				GCC_C_LANGUAGE_STANDARD = gnu11;
				GCC_NO_COMMON_BLOCKS = YES;
				GCC_WARN_64_TO_32_BIT_CONVERSION = YES;
				GCC_WARN_ABOUT_RETURN_TYPE = YES_ERROR;
				GCC_WARN_UNDECLARED_SELECTOR = YES;
				GCC_WARN_UNINITIALIZED_AUTOS = YES_AGGRESSIVE;
				GCC_WARN_UNUSED_FUNCTION = YES;
				GCC_WARN_UNUSED_VARIABLE = YES;
				IPHONEOS_DEPLOYMENT_TARGET = 12.1;
				MTL_ENABLE_DEBUG_INFO = NO;
				MTL_FAST_MATH = YES;
				SDKROOT = iphoneos;
				SWIFT_COMPILATION_MODE = wholemodule;
				SWIFT_OPTIMIZATION_LEVEL = "-O";
				VALIDATE_PRODUCT = YES;
			};
			name = Release;
		};
		8BE8B3C72232C75900651072 /* Debug */ = {
			isa = XCBuildConfiguration;
			buildSettings = {
				ASSETCATALOG_COMPILER_APPICON_NAME = AppIcon;
				CODE_SIGN_STYLE = Automatic;
				DEVELOPMENT_TEAM = ZZ7FUS4T92;
				INFOPLIST_FILE = "Todoyeee Core Data/Info.plist";
				LD_RUNPATH_SEARCH_PATHS = (
					"$(inherited)",
					"@executable_path/Frameworks",
				);
				PRODUCT_BUNDLE_IDENTIFIER = "Dhawal-Mahajan.Todoyeee-Core-Data";
				PRODUCT_NAME = "$(TARGET_NAME)";
				SWIFT_VERSION = 4.2;
				TARGETED_DEVICE_FAMILY = "1,2";
			};
			name = Debug;
		};
		8BE8B3C82232C75900651072 /* Release */ = {
			isa = XCBuildConfiguration;
			buildSettings = {
				ASSETCATALOG_COMPILER_APPICON_NAME = AppIcon;
				CODE_SIGN_STYLE = Automatic;
				DEVELOPMENT_TEAM = ZZ7FUS4T92;
				INFOPLIST_FILE = "Todoyeee Core Data/Info.plist";
				LD_RUNPATH_SEARCH_PATHS = (
					"$(inherited)",
					"@executable_path/Frameworks",
				);
				PRODUCT_BUNDLE_IDENTIFIER = "Dhawal-Mahajan.Todoyeee-Core-Data";
				PRODUCT_NAME = "$(TARGET_NAME)";
				SWIFT_VERSION = 4.2;
				TARGETED_DEVICE_FAMILY = "1,2";
			};
			name = Release;
		};
/* End XCBuildConfiguration section */

/* Begin XCConfigurationList section */
		8BE8B3AF2232C75500651072 /* Build configuration list for PBXProject "Todoyeee Core Data" */ = {
			isa = XCConfigurationList;
			buildConfigurations = (
				8BE8B3C42232C75900651072 /* Debug */,
				8BE8B3C52232C75900651072 /* Release */,
			);
			defaultConfigurationIsVisible = 0;
			defaultConfigurationName = Release;
		};
		8BE8B3C62232C75900651072 /* Build configuration list for PBXNativeTarget "Todoyeee Core Data" */ = {
			isa = XCConfigurationList;
			buildConfigurations = (
				8BE8B3C72232C75900651072 /* Debug */,
				8BE8B3C82232C75900651072 /* Release */,
			);
			defaultConfigurationIsVisible = 0;
			defaultConfigurationName = Release;
		};
/* End XCConfigurationList section */

/* Begin XCVersionGroup section */
		8B697E5D2234EFA80082C4F0 /* DataModel.xcdatamodeld */ = {
			isa = XCVersionGroup;
			children = (
				8B697E5E2234EFA80082C4F0 /* DataModel.xcdatamodel */,
			);
			currentVersion = 8B697E5E2234EFA80082C4F0 /* DataModel.xcdatamodel */;
			path = DataModel.xcdatamodeld;
			sourceTree = "<group>";
			versionGroupType = wrapper.xcdatamodel;
		};
/* End XCVersionGroup section */
	};
	rootObject = 8BE8B3AC2232C75500651072 /* Project object */;
}
